
Microsoft Visual Studio Solution File, Format Version 12.00
# Visual Studio Version 16
VisualStudioVersion = 16.0.30503.244
MinimumVisualStudioVersion = 10.0.40219.1
Project("{FAE04EC0-301F-11D3-BF4B-00C04F79EFBC}") = "Chifoumi", "Chifoumi\Chifoumi.csproj", "{43D372DB-25A0-401A-BC60-7DD75C2FC9DD}"
EndProject
Project("{FAE04EC0-301F-11D3-BF4B-00C04F79EFBC}") = "TestChifoumi", "TestChifoumi\TestChifoumi.csproj", "{1740D1E8-51FA-4C3D-8650-0342B4798257}"
EndProject
Global
	GlobalSection(SolutionConfigurationPlatforms) = preSolution
		Debug|Any CPU = Debug|Any CPU
		Release|Any CPU = Release|Any CPU
	EndGlobalSection
	GlobalSection(ProjectConfigurationPlatforms) = postSolution
		{43D372DB-25A0-401A-BC60-7DD75C2FC9DD}.Debug|Any CPU.ActiveCfg = Debug|Any CPU
		{43D372DB-25A0-401A-BC60-7DD75C2FC9DD}.Debug|Any CPU.Build.0 = Debug|Any CPU
		{43D372DB-25A0-401A-BC60-7DD75C2FC9DD}.Release|Any CPU.ActiveCfg = Release|Any CPU
		{43D372DB-25A0-401A-BC60-7DD75C2FC9DD}.Release|Any CPU.Build.0 = Release|Any CPU
		{1740D1E8-51FA-4C3D-8650-0342B4798257}.Debug|Any CPU.ActiveCfg = Debug|Any CPU
		{1740D1E8-51FA-4C3D-8650-0342B4798257}.Debug|Any CPU.Build.0 = Debug|Any CPU
		{1740D1E8-51FA-4C3D-8650-0342B4798257}.Release|Any CPU.ActiveCfg = Release|Any CPU
		{1740D1E8-51FA-4C3D-8650-0342B4798257}.Release|Any CPU.Build.0 = Release|Any CPU
	EndGlobalSection
	GlobalSection(SolutionProperties) = preSolution
		HideSolutionNode = FALSE
	EndGlobalSection
	GlobalSection(ExtensibilityGlobals) = postSolution
		SolutionGuid = {7DA5550D-6F61-41DA-AD10-79218CA742E2}
	EndGlobalSection
EndGlobal
